
Microsoft Visual Studio Solution File, Format Version 12.00
# Visual Studio Version 16
VisualStudioVersion = 16.0.29424.173
MinimumVisualStudioVersion = 10.0.40219.1
Project("{FAE04EC0-301F-11D3-BF4B-00C04F79EFBC}") = "Inheritance", "Inheritance\Inheritance.csproj", "{F6FC52FD-ED30-4719-9631-40824E33EA46}"
EndProject
Global
	GlobalSection(SolutionConfigurationPlatforms) = preSolution
		Debug|Any CPU = Debug|Any CPU
		Release|Any CPU = Release|Any CPU
	EndGlobalSection
	GlobalSection(ProjectConfigurationPlatforms) = postSolution
		{F6FC52FD-ED30-4719-9631-40824E33EA46}.Debug|Any CPU.ActiveCfg = Debug|Any CPU
		{F6FC52FD-ED30-4719-9631-40824E33EA46}.Debug|Any CPU.Build.0 = Debug|Any CPU
		{F6FC52FD-ED30-4719-9631-40824E33EA46}.Release|Any CPU.ActiveCfg = Release|Any CPU
		{F6FC52FD-ED30-4719-9631-40824E33EA46}.Release|Any CPU.Build.0 = Release|Any CPU
	EndGlobalSection
	GlobalSection(SolutionProperties) = preSolution
		HideSolutionNode = FALSE
	EndGlobalSection
	GlobalSection(ExtensibilityGlobals) = postSolution
		SolutionGuid = {6B0EFCB3-21B0-4BAF-8F7E-4D28DAC6644A}
	EndGlobalSection
EndGlobal
