
Microsoft Visual Studio Solution File, Format Version 12.00
# Visual Studio Version 16
VisualStudioVersion = 16.0.29424.173
MinimumVisualStudioVersion = 10.0.40219.1
Project("{FAE04EC0-301F-11D3-BF4B-00C04F79EFBC}") = "Inheritance", "Inheritance\Inheritance.csproj", "{7A3B9FD3-1C29-44B7-AB48-7BAD0C0DC493}"
EndProject
Global
	GlobalSection(SolutionConfigurationPlatforms) = preSolution
		Debug|Any CPU = Debug|Any CPU
		Release|Any CPU = Release|Any CPU
	EndGlobalSection
	GlobalSection(ProjectConfigurationPlatforms) = postSolution
		{7A3B9FD3-1C29-44B7-AB48-7BAD0C0DC493}.Debug|Any CPU.ActiveCfg = Debug|Any CPU
		{7A3B9FD3-1C29-44B7-AB48-7BAD0C0DC493}.Debug|Any CPU.Build.0 = Debug|Any CPU
		{7A3B9FD3-1C29-44B7-AB48-7BAD0C0DC493}.Release|Any CPU.ActiveCfg = Release|Any CPU
		{7A3B9FD3-1C29-44B7-AB48-7BAD0C0DC493}.Release|Any CPU.Build.0 = Release|Any CPU
	EndGlobalSection
	GlobalSection(SolutionProperties) = preSolution
		HideSolutionNode = FALSE
	EndGlobalSection
	GlobalSection(ExtensibilityGlobals) = postSolution
		SolutionGuid = {10A69AB5-FAB4-4A34-AC2A-9440CE01D6F9}
	EndGlobalSection
EndGlobal
